// !$*UTF8*$!
{
	archiveVersion = 1;
	classes = {
	};
	objectVersion = 50;
	objects = {

/* Begin PBXBuildFile section */
		B40AF6D82750076600878E62 /* QuestionViewController.swift in Sources */ = {isa = PBXBuildFile; fileRef = B40AF6D72750076600878E62 /* QuestionViewController.swift */; };
		B4F5C7E9274EF210008F05BA /* AppDelegate.swift in Sources */ = {isa = PBXBuildFile; fileRef = B4F5C7E8274EF210008F05BA /* AppDelegate.swift */; };
		B4F5C7EB274EF210008F05BA /* SceneDelegate.swift in Sources */ = {isa = PBXBuildFile; fileRef = B4F5C7EA274EF210008F05BA /* SceneDelegate.swift */; };
		B4F5C7ED274EF210008F05BA /* ViewController.swift in Sources */ = {isa = PBXBuildFile; fileRef = B4F5C7EC274EF210008F05BA /* ViewController.swift */; };
		B4F5C7F0274EF210008F05BA /* Main.storyboard in Resources */ = {isa = PBXBuildFile; fileRef = B4F5C7EE274EF210008F05BA /* Main.storyboard */; };
		B4F5C7F2274EF213008F05BA /* Assets.xcassets in Resources */ = {isa = PBXBuildFile; fileRef = B4F5C7F1274EF213008F05BA /* Assets.xcassets */; };
		B4F5C7F5274EF213008F05BA /* LaunchScreen.storyboard in Resources */ = {isa = PBXBuildFile; fileRef = B4F5C7F3274EF213008F05BA /* LaunchScreen.storyboard */; };
		B4F5C800274EF213008F05BA /* TriviaAppTests.swift in Sources */ = {isa = PBXBuildFile; fileRef = B4F5C7FF274EF213008F05BA /* TriviaAppTests.swift */; };
		B4F5C80B274EF213008F05BA /* TriviaAppUITests.swift in Sources */ = {isa = PBXBuildFile; fileRef = B4F5C80A274EF213008F05BA /* TriviaAppUITests.swift */; };
/* End PBXBuildFile section */

/* Begin PBXContainerItemProxy section */
		B4F5C7FC274EF213008F05BA /* PBXContainerItemProxy */ = {
			isa = PBXContainerItemProxy;
			containerPortal = B4F5C7DD274EF210008F05BA /* Project object */;
			proxyType = 1;
			remoteGlobalIDString = B4F5C7E4274EF210008F05BA;
			remoteInfo = TriviaApp;
		};
		B4F5C807274EF213008F05BA /* PBXContainerItemProxy */ = {
			isa = PBXContainerItemProxy;
			containerPortal = B4F5C7DD274EF210008F05BA /* Project object */;
			proxyType = 1;
			remoteGlobalIDString = B4F5C7E4274EF210008F05BA;
			remoteInfo = TriviaApp;
		};
/* End PBXContainerItemProxy section */

/* Begin PBXFileReference section */
		B40AF6D72750076600878E62 /* QuestionViewController.swift */ = {isa = PBXFileReference; lastKnownFileType = sourcecode.swift; path = QuestionViewController.swift; sourceTree = "<group>"; };
		B4F5C7E5274EF210008F05BA /* TriviaApp.app */ = {isa = PBXFileReference; explicitFileType = wrapper.application; includeInIndex = 0; path = TriviaApp.app; sourceTree = BUILT_PRODUCTS_DIR; };
		B4F5C7E8274EF210008F05BA /* AppDelegate.swift */ = {isa = PBXFileReference; lastKnownFileType = sourcecode.swift; path = AppDelegate.swift; sourceTree = "<group>"; };
		B4F5C7EA274EF210008F05BA /* SceneDelegate.swift */ = {isa = PBXFileReference; lastKnownFileType = sourcecode.swift; path = SceneDelegate.swift; sourceTree = "<group>"; };
		B4F5C7EC274EF210008F05BA /* ViewController.swift */ = {isa = PBXFileReference; lastKnownFileType = sourcecode.swift; path = ViewController.swift; sourceTree = "<group>"; };
		B4F5C7EF274EF210008F05BA /* Base */ = {isa = PBXFileReference; lastKnownFileType = file.storyboard; name = Base; path = Base.lproj/Main.storyboard; sourceTree = "<group>"; };
		B4F5C7F1274EF213008F05BA /* Assets.xcassets */ = {isa = PBXFileReference; lastKnownFileType = folder.assetcatalog; path = Assets.xcassets; sourceTree = "<group>"; };
		B4F5C7F4274EF213008F05BA /* Base */ = {isa = PBXFileReference; lastKnownFileType = file.storyboard; name = Base; path = Base.lproj/LaunchScreen.storyboard; sourceTree = "<group>"; };
		B4F5C7F6274EF213008F05BA /* Info.plist */ = {isa = PBXFileReference; lastKnownFileType = text.plist.xml; path = Info.plist; sourceTree = "<group>"; };
		B4F5C7FB274EF213008F05BA /* TriviaAppTests.xctest */ = {isa = PBXFileReference; explicitFileType = wrapper.cfbundle; includeInIndex = 0; path = TriviaAppTests.xctest; sourceTree = BUILT_PRODUCTS_DIR; };
		B4F5C7FF274EF213008F05BA /* TriviaAppTests.swift */ = {isa = PBXFileReference; lastKnownFileType = sourcecode.swift; path = TriviaAppTests.swift; sourceTree = "<group>"; };
		B4F5C801274EF213008F05BA /* Info.plist */ = {isa = PBXFileReference; lastKnownFileType = text.plist.xml; path = Info.plist; sourceTree = "<group>"; };
		B4F5C806274EF213008F05BA /* TriviaAppUITests.xctest */ = {isa = PBXFileReference; explicitFileType = wrapper.cfbundle; includeInIndex = 0; path = TriviaAppUITests.xctest; sourceTree = BUILT_PRODUCTS_DIR; };
		B4F5C80A274EF213008F05BA /* TriviaAppUITests.swift */ = {isa = PBXFileReference; lastKnownFileType = sourcecode.swift; path = TriviaAppUITests.swift; sourceTree = "<group>"; };
		B4F5C80C274EF213008F05BA /* Info.plist */ = {isa = PBXFileReference; lastKnownFileType = text.plist.xml; path = Info.plist; sourceTree = "<group>"; };
/* End PBXFileReference section */

/* Begin PBXFrameworksBuildPhase section */
		B4F5C7E2274EF210008F05BA /* Frameworks */ = {
			isa = PBXFrameworksBuildPhase;
			buildActionMask = 2147483647;
			files = (
			);
			runOnlyForDeploymentPostprocessing = 0;
		};
		B4F5C7F8274EF213008F05BA /* Frameworks */ = {
			isa = PBXFrameworksBuildPhase;
			buildActionMask = 2147483647;
			files = (
			);
			runOnlyForDeploymentPostprocessing = 0;
		};
		B4F5C803274EF213008F05BA /* Frameworks */ = {
			isa = PBXFrameworksBuildPhase;
			buildActionMask = 2147483647;
			files = (
			);
			runOnlyForDeploymentPostprocessing = 0;
		};
/* End PBXFrameworksBuildPhase section */

/* Begin PBXGroup section */
		B4F5C7DC274EF210008F05BA = {
			isa = PBXGroup;
			children = (
				B4F5C7E7274EF210008F05BA /* TriviaApp */,
				B4F5C7FE274EF213008F05BA /* TriviaAppTests */,
				B4F5C809274EF213008F05BA /* TriviaAppUITests */,
				B4F5C7E6274EF210008F05BA /* Products */,
			);
			sourceTree = "<group>";
		};
		B4F5C7E6274EF210008F05BA /* Products */ = {
			isa = PBXGroup;
			children = (
				B4F5C7E5274EF210008F05BA /* TriviaApp.app */,
				B4F5C7FB274EF213008F05BA /* TriviaAppTests.xctest */,
				B4F5C806274EF213008F05BA /* TriviaAppUITests.xctest */,
			);
			name = Products;
			sourceTree = "<group>";
		};
		B4F5C7E7274EF210008F05BA /* TriviaApp */ = {
			isa = PBXGroup;
			children = (
				B4F5C7E8274EF210008F05BA /* AppDelegate.swift */,
				B4F5C7EA274EF210008F05BA /* SceneDelegate.swift */,
				B4F5C7EC274EF210008F05BA /* ViewController.swift */,
				B40AF6D72750076600878E62 /* QuestionViewController.swift */,
				B4F5C7EE274EF210008F05BA /* Main.storyboard */,
				B4F5C7F1274EF213008F05BA /* Assets.xcassets */,
				B4F5C7F3274EF213008F05BA /* LaunchScreen.storyboard */,
				B4F5C7F6274EF213008F05BA /* Info.plist */,
			);
			path = TriviaApp;
			sourceTree = "<group>";
		};
		B4F5C7FE274EF213008F05BA /* TriviaAppTests */ = {
			isa = PBXGroup;
			children = (
				B4F5C7FF274EF213008F05BA /* TriviaAppTests.swift */,
				B4F5C801274EF213008F05BA /* Info.plist */,
			);
			path = TriviaAppTests;
			sourceTree = "<group>";
		};
		B4F5C809274EF213008F05BA /* TriviaAppUITests */ = {
			isa = PBXGroup;
			children = (
				B4F5C80A274EF213008F05BA /* TriviaAppUITests.swift */,
				B4F5C80C274EF213008F05BA /* Info.plist */,
			);
			path = TriviaAppUITests;
			sourceTree = "<group>";
		};
/* End PBXGroup section */

/* Begin PBXNativeTarget section */
		B4F5C7E4274EF210008F05BA /* TriviaApp */ = {
			isa = PBXNativeTarget;
			buildConfigurationList = B4F5C80F274EF213008F05BA /* Build configuration list for PBXNativeTarget "TriviaApp" */;
			buildPhases = (
				B4F5C7E1274EF210008F05BA /* Sources */,
				B4F5C7E2274EF210008F05BA /* Frameworks */,
				B4F5C7E3274EF210008F05BA /* Resources */,
			);
			buildRules = (
			);
			dependencies = (
			);
			name = TriviaApp;
			productName = TriviaApp;
			productReference = B4F5C7E5274EF210008F05BA /* TriviaApp.app */;
			productType = "com.apple.product-type.application";
		};
		B4F5C7FA274EF213008F05BA /* TriviaAppTests */ = {
			isa = PBXNativeTarget;
			buildConfigurationList = B4F5C812274EF213008F05BA /* Build configuration list for PBXNativeTarget "TriviaAppTests" */;
			buildPhases = (
				B4F5C7F7274EF213008F05BA /* Sources */,
				B4F5C7F8274EF213008F05BA /* Frameworks */,
				B4F5C7F9274EF213008F05BA /* Resources */,
			);
			buildRules = (
			);
			dependencies = (
				B4F5C7FD274EF213008F05BA /* PBXTargetDependency */,
			);
			name = TriviaAppTests;
			productName = TriviaAppTests;
			productReference = B4F5C7FB274EF213008F05BA /* TriviaAppTests.xctest */;
			productType = "com.apple.product-type.bundle.unit-test";
		};
		B4F5C805274EF213008F05BA /* TriviaAppUITests */ = {
			isa = PBXNativeTarget;
			buildConfigurationList = B4F5C815274EF213008F05BA /* Build configuration list for PBXNativeTarget "TriviaAppUITests" */;
			buildPhases = (
				B4F5C802274EF213008F05BA /* Sources */,
				B4F5C803274EF213008F05BA /* Frameworks */,
				B4F5C804274EF213008F05BA /* Resources */,
			);
			buildRules = (
			);
			dependencies = (
				B4F5C808274EF213008F05BA /* PBXTargetDependency */,
			);
			name = TriviaAppUITests;
			productName = TriviaAppUITests;
			productReference = B4F5C806274EF213008F05BA /* TriviaAppUITests.xctest */;
			productType = "com.apple.product-type.bundle.ui-testing";
		};
/* End PBXNativeTarget section */

/* Begin PBXProject section */
		B4F5C7DD274EF210008F05BA /* Project object */ = {
			isa = PBXProject;
			attributes = {
				LastSwiftUpdateCheck = 1170;
				LastUpgradeCheck = 1170;
				ORGANIZATIONNAME = "Sumit Nalavade";
				TargetAttributes = {
					B4F5C7E4274EF210008F05BA = {
						CreatedOnToolsVersion = 11.7;
					};
					B4F5C7FA274EF213008F05BA = {
						CreatedOnToolsVersion = 11.7;
						TestTargetID = B4F5C7E4274EF210008F05BA;
					};
					B4F5C805274EF213008F05BA = {
						CreatedOnToolsVersion = 11.7;
						TestTargetID = B4F5C7E4274EF210008F05BA;
					};
				};
			};
			buildConfigurationList = B4F5C7E0274EF210008F05BA /* Build configuration list for PBXProject "TriviaApp" */;
			compatibilityVersion = "Xcode 9.3";
			developmentRegion = en;
			hasScannedForEncodings = 0;
			knownRegions = (
				en,
				Base,
			);
			mainGroup = B4F5C7DC274EF210008F05BA;
			productRefGroup = B4F5C7E6274EF210008F05BA /* Products */;
			projectDirPath = "";
			projectRoot = "";
			targets = (
				B4F5C7E4274EF210008F05BA /* TriviaApp */,
				B4F5C7FA274EF213008F05BA /* TriviaAppTests */,
				B4F5C805274EF213008F05BA /* TriviaAppUITests */,
			);
		};
/* End PBXProject section */

/* Begin PBXResourcesBuildPhase section */
		B4F5C7E3274EF210008F05BA /* Resources */ = {
			isa = PBXResourcesBuildPhase;
			buildActionMask = 2147483647;
			files = (
				B4F5C7F5274EF213008F05BA /* LaunchScreen.storyboard in Resources */,
				B4F5C7F2274EF213008F05BA /* Assets.xcassets in Resources */,
				B4F5C7F0274EF210008F05BA /* Main.storyboard in Resources */,
			);
			runOnlyForDeploymentPostprocessing = 0;
		};
		B4F5C7F9274EF213008F05BA /* Resources */ = {
			isa = PBXResourcesBuildPhase;
			buildActionMask = 2147483647;
			files = (
			);
			runOnlyForDeploymentPostprocessing = 0;
		};
		B4F5C804274EF213008F05BA /* Resources */ = {
			isa = PBXResourcesBuildPhase;
			buildActionMask = 2147483647;
			files = (
			);
			runOnlyForDeploymentPostprocessing = 0;
		};
/* End PBXResourcesBuildPhase section */

/* Begin PBXSourcesBuildPhase section */
		B4F5C7E1274EF210008F05BA /* Sources */ = {
			isa = PBXSourcesBuildPhase;
			buildActionMask = 2147483647;
			files = (
				B4F5C7ED274EF210008F05BA /* ViewController.swift in Sources */,
				B4F5C7E9274EF210008F05BA /* AppDelegate.swift in Sources */,
				B40AF6D82750076600878E62 /* QuestionViewController.swift in Sources */,
				B4F5C7EB274EF210008F05BA /* SceneDelegate.swift in Sources */,
			);
			runOnlyForDeploymentPostprocessing = 0;
		};
		B4F5C7F7274EF213008F05BA /* Sources */ = {
			isa = PBXSourcesBuildPhase;
			buildActionMask = 2147483647;
			files = (
				B4F5C800274EF213008F05BA /* TriviaAppTests.swift in Sources */,
			);
			runOnlyForDeploymentPostprocessing = 0;
		};
		B4F5C802274EF213008F05BA /* Sources */ = {
			isa = PBXSourcesBuildPhase;
			buildActionMask = 2147483647;
			files = (
				B4F5C80B274EF213008F05BA /* TriviaAppUITests.swift in Sources */,
			);
			runOnlyForDeploymentPostprocessing = 0;
		};
/* End PBXSourcesBuildPhase section */

/* Begin PBXTargetDependency section */
		B4F5C7FD274EF213008F05BA /* PBXTargetDependency */ = {
			isa = PBXTargetDependency;
			target = B4F5C7E4274EF210008F05BA /* TriviaApp */;
			targetProxy = B4F5C7FC274EF213008F05BA /* PBXContainerItemProxy */;
		};
		B4F5C808274EF213008F05BA /* PBXTargetDependency */ = {
			isa = PBXTargetDependency;
			target = B4F5C7E4274EF210008F05BA /* TriviaApp */;
			targetProxy = B4F5C807274EF213008F05BA /* PBXContainerItemProxy */;
		};
/* End PBXTargetDependency section */

/* Begin PBXVariantGroup section */
		B4F5C7EE274EF210008F05BA /* Main.storyboard */ = {
			isa = PBXVariantGroup;
			children = (
				B4F5C7EF274EF210008F05BA /* Base */,
			);
			name = Main.storyboard;
			sourceTree = "<group>";
		};
		B4F5C7F3274EF213008F05BA /* LaunchScreen.storyboard */ = {
			isa = PBXVariantGroup;
			children = (
				B4F5C7F4274EF213008F05BA /* Base */,
			);
			name = LaunchScreen.storyboard;
			sourceTree = "<group>";
		};
/* End PBXVariantGroup section */

/* Begin XCBuildConfiguration section */
		B4F5C80D274EF213008F05BA /* Debug */ = {
			isa = XCBuildConfiguration;
			buildSettings = {
				ALWAYS_SEARCH_USER_PATHS = NO;
				CLANG_ANALYZER_NONNULL = YES;
				CLANG_ANALYZER_NUMBER_OBJECT_CONVERSION = YES_AGGRESSIVE;
				CLANG_CXX_LANGUAGE_STANDARD = "gnu++14";
				CLANG_CXX_LIBRARY = "libc++";
				CLANG_ENABLE_MODULES = YES;
				CLANG_ENABLE_OBJC_ARC = YES;
				CLANG_ENABLE_OBJC_WEAK = YES;
				CLANG_WARN_BLOCK_CAPTURE_AUTORELEASING = YES;
				CLANG_WARN_BOOL_CONVERSION = YES;
				CLANG_WARN_COMMA = YES;
				CLANG_WARN_CONSTANT_CONVERSION = YES;
				CLANG_WARN_DEPRECATED_OBJC_IMPLEMENTATIONS = YES;
				CLANG_WARN_DIRECT_OBJC_ISA_USAGE = YES_ERROR;
				CLANG_WARN_DOCUMENTATION_COMMENTS = YES;
				CLANG_WARN_EMPTY_BODY = YES;
				CLANG_WARN_ENUM_CONVERSION = YES;
				CLANG_WARN_INFINITE_RECURSION = YES;
				CLANG_WARN_INT_CONVERSION = YES;
				CLANG_WARN_NON_LITERAL_NULL_CONVERSION = YES;
				CLANG_WARN_OBJC_IMPLICIT_RETAIN_SELF = YES;
				CLANG_WARN_OBJC_LITERAL_CONVERSION = YES;
				CLANG_WARN_OBJC_ROOT_CLASS = YES_ERROR;
				CLANG_WARN_RANGE_LOOP_ANALYSIS = YES;
				CLANG_WARN_STRICT_PROTOTYPES = YES;
				CLANG_WARN_SUSPICIOUS_MOVE = YES;
				CLANG_WARN_UNGUARDED_AVAILABILITY = YES_AGGRESSIVE;
				CLANG_WARN_UNREACHABLE_CODE = YES;
				CLANG_WARN__DUPLICATE_METHOD_MATCH = YES;
				COPY_PHASE_STRIP = NO;
				DEBUG_INFORMATION_FORMAT = dwarf;
				ENABLE_STRICT_OBJC_MSGSEND = YES;
				ENABLE_TESTABILITY = YES;
				GCC_C_LANGUAGE_STANDARD = gnu11;
				GCC_DYNAMIC_NO_PIC = NO;
				GCC_NO_COMMON_BLOCKS = YES;
				GCC_OPTIMIZATION_LEVEL = 0;
				GCC_PREPROCESSOR_DEFINITIONS = (
					"DEBUG=1",
					"$(inherited)",
				);
				GCC_WARN_64_TO_32_BIT_CONVERSION = YES;
				GCC_WARN_ABOUT_RETURN_TYPE = YES_ERROR;
				GCC_WARN_UNDECLARED_SELECTOR = YES;
				GCC_WARN_UNINITIALIZED_AUTOS = YES_AGGRESSIVE;
				GCC_WARN_UNUSED_FUNCTION = YES;
				GCC_WARN_UNUSED_VARIABLE = YES;
				IPHONEOS_DEPLOYMENT_TARGET = 13.7;
				MTL_ENABLE_DEBUG_INFO = INCLUDE_SOURCE;
				MTL_FAST_MATH = YES;
				ONLY_ACTIVE_ARCH = YES;
				SDKROOT = iphoneos;
				SWIFT_ACTIVE_COMPILATION_CONDITIONS = DEBUG;
				SWIFT_OPTIMIZATION_LEVEL = "-Onone";
			};
			name = Debug;
		};
		B4F5C80E274EF213008F05BA /* Release */ = {
			isa = XCBuildConfiguration;
			buildSettings = {
				ALWAYS_SEARCH_USER_PATHS = NO;
				CLANG_ANALYZER_NONNULL = YES;
				CLANG_ANALYZER_NUMBER_OBJECT_CONVERSION = YES_AGGRESSIVE;
				CLANG_CXX_LANGUAGE_STANDARD = "gnu++14";
				CLANG_CXX_LIBRARY = "libc++";
				CLANG_ENABLE_MODULES = YES;
				CLANG_ENABLE_OBJC_ARC = YES;
				CLANG_ENABLE_OBJC_WEAK = YES;
				CLANG_WARN_BLOCK_CAPTURE_AUTORELEASING = YES;
				CLANG_WARN_BOOL_CONVERSION = YES;
				CLANG_WARN_COMMA = YES;
				CLANG_WARN_CONSTANT_CONVERSION = YES;
				CLANG_WARN_DEPRECATED_OBJC_IMPLEMENTATIONS = YES;
				CLANG_WARN_DIRECT_OBJC_ISA_USAGE = YES_ERROR;
				CLANG_WARN_DOCUMENTATION_COMMENTS = YES;
				CLANG_WARN_EMPTY_BODY = YES;
				CLANG_WARN_ENUM_CONVERSION = YES;
				CLANG_WARN_INFINITE_RECURSION = YES;
				CLANG_WARN_INT_CONVERSION = YES;
				CLANG_WARN_NON_LITERAL_NULL_CONVERSION = YES;
				CLANG_WARN_OBJC_IMPLICIT_RETAIN_SELF = YES;
				CLANG_WARN_OBJC_LITERAL_CONVERSION = YES;
				CLANG_WARN_OBJC_ROOT_CLASS = YES_ERROR;
				CLANG_WARN_RANGE_LOOP_ANALYSIS = YES;
				CLANG_WARN_STRICT_PROTOTYPES = YES;
				CLANG_WARN_SUSPICIOUS_MOVE = YES;
				CLANG_WARN_UNGUARDED_AVAILABILITY = YES_AGGRESSIVE;
				CLANG_WARN_UNREACHABLE_CODE = YES;
				CLANG_WARN__DUPLICATE_METHOD_MATCH = YES;
				COPY_PHASE_STRIP = NO;
				DEBUG_INFORMATION_FORMAT = "dwarf-with-dsym";
				ENABLE_NS_ASSERTIONS = NO;
				ENABLE_STRICT_OBJC_MSGSEND = YES;
				GCC_C_LANGUAGE_STANDARD = gnu11;
				GCC_NO_COMMON_BLOCKS = YES;
				GCC_WARN_64_TO_32_BIT_CONVERSION = YES;
				GCC_WARN_ABOUT_RETURN_TYPE = YES_ERROR;
				GCC_WARN_UNDECLARED_SELECTOR = YES;
				GCC_WARN_UNINITIALIZED_AUTOS = YES_AGGRESSIVE;
				GCC_WARN_UNUSED_FUNCTION = YES;
				GCC_WARN_UNUSED_VARIABLE = YES;
				IPHONEOS_DEPLOYMENT_TARGET = 13.7;
				MTL_ENABLE_DEBUG_INFO = NO;
				MTL_FAST_MATH = YES;
				SDKROOT = iphoneos;
				SWIFT_COMPILATION_MODE = wholemodule;
				SWIFT_OPTIMIZATION_LEVEL = "-O";
				VALIDATE_PRODUCT = YES;
			};
			name = Release;
		};
		B4F5C810274EF213008F05BA /* Debug */ = {
			isa = XCBuildConfiguration;
			buildSettings = {
				ASSETCATALOG_COMPILER_APPICON_NAME = AppIcon;
				CODE_SIGN_STYLE = Automatic;
				INFOPLIST_FILE = TriviaApp/Info.plist;
				LD_RUNPATH_SEARCH_PATHS = (
					"$(inherited)",
					"@executable_path/Frameworks",
				);
				PRODUCT_BUNDLE_IDENTIFIER = SumitNalavade.TriviaApp;
				PRODUCT_NAME = "$(TARGET_NAME)";
				SWIFT_VERSION = 5.0;
				TARGETED_DEVICE_FAMILY = "1,2";
			};
			name = Debug;
		};
		B4F5C811274EF213008F05BA /* Release */ = {
			isa = XCBuildConfiguration;
			buildSettings = {
				ASSETCATALOG_COMPILER_APPICON_NAME = AppIcon;
				CODE_SIGN_STYLE = Automatic;
				INFOPLIST_FILE = TriviaApp/Info.plist;
				LD_RUNPATH_SEARCH_PATHS = (
					"$(inherited)",
					"@executable_path/Frameworks",
				);
				PRODUCT_BUNDLE_IDENTIFIER = SumitNalavade.TriviaApp;
				PRODUCT_NAME = "$(TARGET_NAME)";
				SWIFT_VERSION = 5.0;
				TARGETED_DEVICE_FAMILY = "1,2";
			};
			name = Release;
		};
		B4F5C813274EF213008F05BA /* Debug */ = {
			isa = XCBuildConfiguration;
			buildSettings = {
				ALWAYS_EMBED_SWIFT_STANDARD_LIBRARIES = YES;
				BUNDLE_LOADER = "$(TEST_HOST)";
				CODE_SIGN_STYLE = Automatic;
				INFOPLIST_FILE = TriviaAppTests/Info.plist;
				IPHONEOS_DEPLOYMENT_TARGET = 13.7;
				LD_RUNPATH_SEARCH_PATHS = (
					"$(inherited)",
					"@executable_path/Frameworks",
					"@loader_path/Frameworks",
				);
				PRODUCT_BUNDLE_IDENTIFIER = SumitNalavade.TriviaAppTests;
				PRODUCT_NAME = "$(TARGET_NAME)";
				SWIFT_VERSION = 5.0;
				TARGETED_DEVICE_FAMILY = "1,2";
				TEST_HOST = "$(BUILT_PRODUCTS_DIR)/TriviaApp.app/TriviaApp";
			};
			name = Debug;
		};
		B4F5C814274EF213008F05BA /* Release */ = {
			isa = XCBuildConfiguration;
			buildSettings = {
				ALWAYS_EMBED_SWIFT_STANDARD_LIBRARIES = YES;
				BUNDLE_LOADER = "$(TEST_HOST)";
				CODE_SIGN_STYLE = Automatic;
				INFOPLIST_FILE = TriviaAppTests/Info.plist;
				IPHONEOS_DEPLOYMENT_TARGET = 13.7;
				LD_RUNPATH_SEARCH_PATHS = (
					"$(inherited)",
					"@executable_path/Frameworks",
					"@loader_path/Frameworks",
				);
				PRODUCT_BUNDLE_IDENTIFIER = SumitNalavade.TriviaAppTests;
				PRODUCT_NAME = "$(TARGET_NAME)";
				SWIFT_VERSION = 5.0;
				TARGETED_DEVICE_FAMILY = "1,2";
				TEST_HOST = "$(BUILT_PRODUCTS_DIR)/TriviaApp.app/TriviaApp";
			};
			name = Release;
		};
		B4F5C816274EF213008F05BA /* Debug */ = {
			isa = XCBuildConfiguration;
			buildSettings = {
				ALWAYS_EMBED_SWIFT_STANDARD_LIBRARIES = YES;
				CODE_SIGN_STYLE = Automatic;
				INFOPLIST_FILE = TriviaAppUITests/Info.plist;
				LD_RUNPATH_SEARCH_PATHS = (
					"$(inherited)",
					"@executable_path/Frameworks",
					"@loader_path/Frameworks",
				);
				PRODUCT_BUNDLE_IDENTIFIER = SumitNalavade.TriviaAppUITests;
				PRODUCT_NAME = "$(TARGET_NAME)";
				SWIFT_VERSION = 5.0;
				TARGETED_DEVICE_FAMILY = "1,2";
				TEST_TARGET_NAME = TriviaApp;
			};
			name = Debug;
		};
		B4F5C817274EF213008F05BA /* Release */ = {
			isa = XCBuildConfiguration;
			buildSettings = {
				ALWAYS_EMBED_SWIFT_STANDARD_LIBRARIES = YES;
				CODE_SIGN_STYLE = Automatic;
				INFOPLIST_FILE = TriviaAppUITests/Info.plist;
				LD_RUNPATH_SEARCH_PATHS = (
					"$(inherited)",
					"@executable_path/Frameworks",
					"@loader_path/Frameworks",
				);
				PRODUCT_BUNDLE_IDENTIFIER = SumitNalavade.TriviaAppUITests;
				PRODUCT_NAME = "$(TARGET_NAME)";
				SWIFT_VERSION = 5.0;
				TARGETED_DEVICE_FAMILY = "1,2";
				TEST_TARGET_NAME = TriviaApp;
			};
			name = Release;
		};
/* End XCBuildConfiguration section */

/* Begin XCConfigurationList section */
		B4F5C7E0274EF210008F05BA /* Build configuration list for PBXProject "TriviaApp" */ = {
			isa = XCConfigurationList;
			buildConfigurations = (
				B4F5C80D274EF213008F05BA /* Debug */,
				B4F5C80E274EF213008F05BA /* Release */,
			);
			defaultConfigurationIsVisible = 0;
			defaultConfigurationName = Release;
		};
		B4F5C80F274EF213008F05BA /* Build configuration list for PBXNativeTarget "TriviaApp" */ = {
			isa = XCConfigurationList;
			buildConfigurations = (
				B4F5C810274EF213008F05BA /* Debug */,
				B4F5C811274EF213008F05BA /* Release */,
			);
			defaultConfigurationIsVisible = 0;
			defaultConfigurationName = Release;
		};
		B4F5C812274EF213008F05BA /* Build configuration list for PBXNativeTarget "TriviaAppTests" */ = {
			isa = XCConfigurationList;
			buildConfigurations = (
				B4F5C813274EF213008F05BA /* Debug */,
				B4F5C814274EF213008F05BA /* Release */,
			);
			defaultConfigurationIsVisible = 0;
			defaultConfigurationName = Release;
		};
		B4F5C815274EF213008F05BA /* Build configuration list for PBXNativeTarget "TriviaAppUITests" */ = {
			isa = XCConfigurationList;
			buildConfigurations = (
				B4F5C816274EF213008F05BA /* Debug */,
				B4F5C817274EF213008F05BA /* Release */,
			);
			defaultConfigurationIsVisible = 0;
			defaultConfigurationName = Release;
		};
/* End XCConfigurationList section */
	};
	rootObject = B4F5C7DD274EF210008F05BA /* Project object */;
}
