// !$*UTF8*$!
{
	archiveVersion = 1;
	classes = {
	};
	objectVersion = 50;
	objects = {

/* Begin PBXBuildFile section */
		B416D90F27A6587D005D2E7C /* AppDelegate.swift in Sources */ = {isa = PBXBuildFile; fileRef = B416D90E27A6587D005D2E7C /* AppDelegate.swift */; };
		B416D91127A6587D005D2E7C /* SceneDelegate.swift in Sources */ = {isa = PBXBuildFile; fileRef = B416D91027A6587D005D2E7C /* SceneDelegate.swift */; };
		B416D91327A6587D005D2E7C /* ViewController.swift in Sources */ = {isa = PBXBuildFile; fileRef = B416D91227A6587D005D2E7C /* ViewController.swift */; };
		B416D91627A6587D005D2E7C /* Main.storyboard in Resources */ = {isa = PBXBuildFile; fileRef = B416D91427A6587D005D2E7C /* Main.storyboard */; };
		B416D91827A6587F005D2E7C /* Assets.xcassets in Resources */ = {isa = PBXBuildFile; fileRef = B416D91727A6587F005D2E7C /* Assets.xcassets */; };
		B416D91B27A6587F005D2E7C /* LaunchScreen.storyboard in Resources */ = {isa = PBXBuildFile; fileRef = B416D91927A6587F005D2E7C /* LaunchScreen.storyboard */; };
		B416D92627A6587F005D2E7C /* WordleTests.swift in Sources */ = {isa = PBXBuildFile; fileRef = B416D92527A6587F005D2E7C /* WordleTests.swift */; };
		B416D93127A6587F005D2E7C /* WordleUITests.swift in Sources */ = {isa = PBXBuildFile; fileRef = B416D93027A6587F005D2E7C /* WordleUITests.swift */; };
		B416D93F27A65DBB005D2E7C /* WordleState.swift in Sources */ = {isa = PBXBuildFile; fileRef = B416D93E27A65DBB005D2E7C /* WordleState.swift */; };
		B416D94527A6716E005D2E7C /* letter.swift in Sources */ = {isa = PBXBuildFile; fileRef = B416D94427A6716E005D2E7C /* letter.swift */; };
		B4353D1F27A771680026947B /* extensions.swift in Sources */ = {isa = PBXBuildFile; fileRef = B4353D1E27A771680026947B /* extensions.swift */; };
/* End PBXBuildFile section */

/* Begin PBXContainerItemProxy section */
		B416D92227A6587F005D2E7C /* PBXContainerItemProxy */ = {
			isa = PBXContainerItemProxy;
			containerPortal = B416D90327A6587D005D2E7C /* Project object */;
			proxyType = 1;
			remoteGlobalIDString = B416D90A27A6587D005D2E7C;
			remoteInfo = Wordle;
		};
		B416D92D27A6587F005D2E7C /* PBXContainerItemProxy */ = {
			isa = PBXContainerItemProxy;
			containerPortal = B416D90327A6587D005D2E7C /* Project object */;
			proxyType = 1;
			remoteGlobalIDString = B416D90A27A6587D005D2E7C;
			remoteInfo = Wordle;
		};
/* End PBXContainerItemProxy section */

/* Begin PBXFileReference section */
		B416D90B27A6587D005D2E7C /* Wordle.app */ = {isa = PBXFileReference; explicitFileType = wrapper.application; includeInIndex = 0; path = Wordle.app; sourceTree = BUILT_PRODUCTS_DIR; };
		B416D90E27A6587D005D2E7C /* AppDelegate.swift */ = {isa = PBXFileReference; lastKnownFileType = sourcecode.swift; path = AppDelegate.swift; sourceTree = "<group>"; };
		B416D91027A6587D005D2E7C /* SceneDelegate.swift */ = {isa = PBXFileReference; lastKnownFileType = sourcecode.swift; path = SceneDelegate.swift; sourceTree = "<group>"; };
		B416D91227A6587D005D2E7C /* ViewController.swift */ = {isa = PBXFileReference; lastKnownFileType = sourcecode.swift; path = ViewController.swift; sourceTree = "<group>"; };
		B416D91527A6587D005D2E7C /* Base */ = {isa = PBXFileReference; lastKnownFileType = file.storyboard; name = Base; path = Base.lproj/Main.storyboard; sourceTree = "<group>"; };
		B416D91727A6587F005D2E7C /* Assets.xcassets */ = {isa = PBXFileReference; lastKnownFileType = folder.assetcatalog; path = Assets.xcassets; sourceTree = "<group>"; };
		B416D91A27A6587F005D2E7C /* Base */ = {isa = PBXFileReference; lastKnownFileType = file.storyboard; name = Base; path = Base.lproj/LaunchScreen.storyboard; sourceTree = "<group>"; };
		B416D91C27A6587F005D2E7C /* Info.plist */ = {isa = PBXFileReference; lastKnownFileType = text.plist.xml; path = Info.plist; sourceTree = "<group>"; };
		B416D92127A6587F005D2E7C /* WordleTests.xctest */ = {isa = PBXFileReference; explicitFileType = wrapper.cfbundle; includeInIndex = 0; path = WordleTests.xctest; sourceTree = BUILT_PRODUCTS_DIR; };
		B416D92527A6587F005D2E7C /* WordleTests.swift */ = {isa = PBXFileReference; lastKnownFileType = sourcecode.swift; path = WordleTests.swift; sourceTree = "<group>"; };
		B416D92727A6587F005D2E7C /* Info.plist */ = {isa = PBXFileReference; lastKnownFileType = text.plist.xml; path = Info.plist; sourceTree = "<group>"; };
		B416D92C27A6587F005D2E7C /* WordleUITests.xctest */ = {isa = PBXFileReference; explicitFileType = wrapper.cfbundle; includeInIndex = 0; path = WordleUITests.xctest; sourceTree = BUILT_PRODUCTS_DIR; };
		B416D93027A6587F005D2E7C /* WordleUITests.swift */ = {isa = PBXFileReference; lastKnownFileType = sourcecode.swift; path = WordleUITests.swift; sourceTree = "<group>"; };
		B416D93227A6587F005D2E7C /* Info.plist */ = {isa = PBXFileReference; lastKnownFileType = text.plist.xml; path = Info.plist; sourceTree = "<group>"; };
		B416D93E27A65DBB005D2E7C /* WordleState.swift */ = {isa = PBXFileReference; lastKnownFileType = sourcecode.swift; path = WordleState.swift; sourceTree = "<group>"; };
		B416D94427A6716E005D2E7C /* letter.swift */ = {isa = PBXFileReference; lastKnownFileType = sourcecode.swift; path = letter.swift; sourceTree = "<group>"; };
		B4353D1E27A771680026947B /* extensions.swift */ = {isa = PBXFileReference; lastKnownFileType = sourcecode.swift; path = extensions.swift; sourceTree = "<group>"; };
/* End PBXFileReference section */

/* Begin PBXFrameworksBuildPhase section */
		B416D90827A6587D005D2E7C /* Frameworks */ = {
			isa = PBXFrameworksBuildPhase;
			buildActionMask = 2147483647;
			files = (
			);
			runOnlyForDeploymentPostprocessing = 0;
		};
		B416D91E27A6587F005D2E7C /* Frameworks */ = {
			isa = PBXFrameworksBuildPhase;
			buildActionMask = 2147483647;
			files = (
			);
			runOnlyForDeploymentPostprocessing = 0;
		};
		B416D92927A6587F005D2E7C /* Frameworks */ = {
			isa = PBXFrameworksBuildPhase;
			buildActionMask = 2147483647;
			files = (
			);
			runOnlyForDeploymentPostprocessing = 0;
		};
/* End PBXFrameworksBuildPhase section */

/* Begin PBXGroup section */
		B416D90227A6587D005D2E7C = {
			isa = PBXGroup;
			children = (
				B416D90D27A6587D005D2E7C /* Wordle */,
				B416D92427A6587F005D2E7C /* WordleTests */,
				B416D92F27A6587F005D2E7C /* WordleUITests */,
				B416D90C27A6587D005D2E7C /* Products */,
			);
			sourceTree = "<group>";
		};
		B416D90C27A6587D005D2E7C /* Products */ = {
			isa = PBXGroup;
			children = (
				B416D90B27A6587D005D2E7C /* Wordle.app */,
				B416D92127A6587F005D2E7C /* WordleTests.xctest */,
				B416D92C27A6587F005D2E7C /* WordleUITests.xctest */,
			);
			name = Products;
			sourceTree = "<group>";
		};
		B416D90D27A6587D005D2E7C /* Wordle */ = {
			isa = PBXGroup;
			children = (
				B416D90E27A6587D005D2E7C /* AppDelegate.swift */,
				B416D91027A6587D005D2E7C /* SceneDelegate.swift */,
				B416D91227A6587D005D2E7C /* ViewController.swift */,
				B416D91427A6587D005D2E7C /* Main.storyboard */,
				B416D93E27A65DBB005D2E7C /* WordleState.swift */,
				B4353D1E27A771680026947B /* extensions.swift */,
				B416D91727A6587F005D2E7C /* Assets.xcassets */,
				B416D91927A6587F005D2E7C /* LaunchScreen.storyboard */,
				B416D91C27A6587F005D2E7C /* Info.plist */,
				B416D94427A6716E005D2E7C /* letter.swift */,
			);
			path = Wordle;
			sourceTree = "<group>";
		};
		B416D92427A6587F005D2E7C /* WordleTests */ = {
			isa = PBXGroup;
			children = (
				B416D92527A6587F005D2E7C /* WordleTests.swift */,
				B416D92727A6587F005D2E7C /* Info.plist */,
			);
			path = WordleTests;
			sourceTree = "<group>";
		};
		B416D92F27A6587F005D2E7C /* WordleUITests */ = {
			isa = PBXGroup;
			children = (
				B416D93027A6587F005D2E7C /* WordleUITests.swift */,
				B416D93227A6587F005D2E7C /* Info.plist */,
			);
			path = WordleUITests;
			sourceTree = "<group>";
		};
/* End PBXGroup section */

/* Begin PBXNativeTarget section */
		B416D90A27A6587D005D2E7C /* Wordle */ = {
			isa = PBXNativeTarget;
			buildConfigurationList = B416D93527A6587F005D2E7C /* Build configuration list for PBXNativeTarget "Wordle" */;
			buildPhases = (
				B416D90727A6587D005D2E7C /* Sources */,
				B416D90827A6587D005D2E7C /* Frameworks */,
				B416D90927A6587D005D2E7C /* Resources */,
			);
			buildRules = (
			);
			dependencies = (
			);
			name = Wordle;
			productName = Wordle;
			productReference = B416D90B27A6587D005D2E7C /* Wordle.app */;
			productType = "com.apple.product-type.application";
		};
		B416D92027A6587F005D2E7C /* WordleTests */ = {
			isa = PBXNativeTarget;
			buildConfigurationList = B416D93827A6587F005D2E7C /* Build configuration list for PBXNativeTarget "WordleTests" */;
			buildPhases = (
				B416D91D27A6587F005D2E7C /* Sources */,
				B416D91E27A6587F005D2E7C /* Frameworks */,
				B416D91F27A6587F005D2E7C /* Resources */,
			);
			buildRules = (
			);
			dependencies = (
				B416D92327A6587F005D2E7C /* PBXTargetDependency */,
			);
			name = WordleTests;
			productName = WordleTests;
			productReference = B416D92127A6587F005D2E7C /* WordleTests.xctest */;
			productType = "com.apple.product-type.bundle.unit-test";
		};
		B416D92B27A6587F005D2E7C /* WordleUITests */ = {
			isa = PBXNativeTarget;
			buildConfigurationList = B416D93B27A6587F005D2E7C /* Build configuration list for PBXNativeTarget "WordleUITests" */;
			buildPhases = (
				B416D92827A6587F005D2E7C /* Sources */,
				B416D92927A6587F005D2E7C /* Frameworks */,
				B416D92A27A6587F005D2E7C /* Resources */,
			);
			buildRules = (
			);
			dependencies = (
				B416D92E27A6587F005D2E7C /* PBXTargetDependency */,
			);
			name = WordleUITests;
			productName = WordleUITests;
			productReference = B416D92C27A6587F005D2E7C /* WordleUITests.xctest */;
			productType = "com.apple.product-type.bundle.ui-testing";
		};
/* End PBXNativeTarget section */

/* Begin PBXProject section */
		B416D90327A6587D005D2E7C /* Project object */ = {
			isa = PBXProject;
			attributes = {
				LastSwiftUpdateCheck = 1170;
				LastUpgradeCheck = 1170;
				ORGANIZATIONNAME = "Sumit Nalavade";
				TargetAttributes = {
					B416D90A27A6587D005D2E7C = {
						CreatedOnToolsVersion = 11.7;
					};
					B416D92027A6587F005D2E7C = {
						CreatedOnToolsVersion = 11.7;
						TestTargetID = B416D90A27A6587D005D2E7C;
					};
					B416D92B27A6587F005D2E7C = {
						CreatedOnToolsVersion = 11.7;
						TestTargetID = B416D90A27A6587D005D2E7C;
					};
				};
			};
			buildConfigurationList = B416D90627A6587D005D2E7C /* Build configuration list for PBXProject "Wordle" */;
			compatibilityVersion = "Xcode 9.3";
			developmentRegion = en;
			hasScannedForEncodings = 0;
			knownRegions = (
				en,
				Base,
			);
			mainGroup = B416D90227A6587D005D2E7C;
			productRefGroup = B416D90C27A6587D005D2E7C /* Products */;
			projectDirPath = "";
			projectRoot = "";
			targets = (
				B416D90A27A6587D005D2E7C /* Wordle */,
				B416D92027A6587F005D2E7C /* WordleTests */,
				B416D92B27A6587F005D2E7C /* WordleUITests */,
			);
		};
/* End PBXProject section */

/* Begin PBXResourcesBuildPhase section */
		B416D90927A6587D005D2E7C /* Resources */ = {
			isa = PBXResourcesBuildPhase;
			buildActionMask = 2147483647;
			files = (
				B416D91B27A6587F005D2E7C /* LaunchScreen.storyboard in Resources */,
				B416D91827A6587F005D2E7C /* Assets.xcassets in Resources */,
				B416D91627A6587D005D2E7C /* Main.storyboard in Resources */,
			);
			runOnlyForDeploymentPostprocessing = 0;
		};
		B416D91F27A6587F005D2E7C /* Resources */ = {
			isa = PBXResourcesBuildPhase;
			buildActionMask = 2147483647;
			files = (
			);
			runOnlyForDeploymentPostprocessing = 0;
		};
		B416D92A27A6587F005D2E7C /* Resources */ = {
			isa = PBXResourcesBuildPhase;
			buildActionMask = 2147483647;
			files = (
			);
			runOnlyForDeploymentPostprocessing = 0;
		};
/* End PBXResourcesBuildPhase section */

/* Begin PBXSourcesBuildPhase section */
		B416D90727A6587D005D2E7C /* Sources */ = {
			isa = PBXSourcesBuildPhase;
			buildActionMask = 2147483647;
			files = (
				B416D91327A6587D005D2E7C /* ViewController.swift in Sources */,
				B416D90F27A6587D005D2E7C /* AppDelegate.swift in Sources */,
				B416D93F27A65DBB005D2E7C /* WordleState.swift in Sources */,
				B416D94527A6716E005D2E7C /* letter.swift in Sources */,
				B416D91127A6587D005D2E7C /* SceneDelegate.swift in Sources */,
				B4353D1F27A771680026947B /* extensions.swift in Sources */,
			);
			runOnlyForDeploymentPostprocessing = 0;
		};
		B416D91D27A6587F005D2E7C /* Sources */ = {
			isa = PBXSourcesBuildPhase;
			buildActionMask = 2147483647;
			files = (
				B416D92627A6587F005D2E7C /* WordleTests.swift in Sources */,
			);
			runOnlyForDeploymentPostprocessing = 0;
		};
		B416D92827A6587F005D2E7C /* Sources */ = {
			isa = PBXSourcesBuildPhase;
			buildActionMask = 2147483647;
			files = (
				B416D93127A6587F005D2E7C /* WordleUITests.swift in Sources */,
			);
			runOnlyForDeploymentPostprocessing = 0;
		};
/* End PBXSourcesBuildPhase section */

/* Begin PBXTargetDependency section */
		B416D92327A6587F005D2E7C /* PBXTargetDependency */ = {
			isa = PBXTargetDependency;
			target = B416D90A27A6587D005D2E7C /* Wordle */;
			targetProxy = B416D92227A6587F005D2E7C /* PBXContainerItemProxy */;
		};
		B416D92E27A6587F005D2E7C /* PBXTargetDependency */ = {
			isa = PBXTargetDependency;
			target = B416D90A27A6587D005D2E7C /* Wordle */;
			targetProxy = B416D92D27A6587F005D2E7C /* PBXContainerItemProxy */;
		};
/* End PBXTargetDependency section */

/* Begin PBXVariantGroup section */
		B416D91427A6587D005D2E7C /* Main.storyboard */ = {
			isa = PBXVariantGroup;
			children = (
				B416D91527A6587D005D2E7C /* Base */,
			);
			name = Main.storyboard;
			sourceTree = "<group>";
		};
		B416D91927A6587F005D2E7C /* LaunchScreen.storyboard */ = {
			isa = PBXVariantGroup;
			children = (
				B416D91A27A6587F005D2E7C /* Base */,
			);
			name = LaunchScreen.storyboard;
			sourceTree = "<group>";
		};
/* End PBXVariantGroup section */

/* Begin XCBuildConfiguration section */
		B416D93327A6587F005D2E7C /* Debug */ = {
			isa = XCBuildConfiguration;
			buildSettings = {
				ALWAYS_SEARCH_USER_PATHS = NO;
				CLANG_ANALYZER_NONNULL = YES;
				CLANG_ANALYZER_NUMBER_OBJECT_CONVERSION = YES_AGGRESSIVE;
				CLANG_CXX_LANGUAGE_STANDARD = "gnu++14";
				CLANG_CXX_LIBRARY = "libc++";
				CLANG_ENABLE_MODULES = YES;
				CLANG_ENABLE_OBJC_ARC = YES;
				CLANG_ENABLE_OBJC_WEAK = YES;
				CLANG_WARN_BLOCK_CAPTURE_AUTORELEASING = YES;
				CLANG_WARN_BOOL_CONVERSION = YES;
				CLANG_WARN_COMMA = YES;
				CLANG_WARN_CONSTANT_CONVERSION = YES;
				CLANG_WARN_DEPRECATED_OBJC_IMPLEMENTATIONS = YES;
				CLANG_WARN_DIRECT_OBJC_ISA_USAGE = YES_ERROR;
				CLANG_WARN_DOCUMENTATION_COMMENTS = YES;
				CLANG_WARN_EMPTY_BODY = YES;
				CLANG_WARN_ENUM_CONVERSION = YES;
				CLANG_WARN_INFINITE_RECURSION = YES;
				CLANG_WARN_INT_CONVERSION = YES;
				CLANG_WARN_NON_LITERAL_NULL_CONVERSION = YES;
				CLANG_WARN_OBJC_IMPLICIT_RETAIN_SELF = YES;
				CLANG_WARN_OBJC_LITERAL_CONVERSION = YES;
				CLANG_WARN_OBJC_ROOT_CLASS = YES_ERROR;
				CLANG_WARN_RANGE_LOOP_ANALYSIS = YES;
				CLANG_WARN_STRICT_PROTOTYPES = YES;
				CLANG_WARN_SUSPICIOUS_MOVE = YES;
				CLANG_WARN_UNGUARDED_AVAILABILITY = YES_AGGRESSIVE;
				CLANG_WARN_UNREACHABLE_CODE = YES;
				CLANG_WARN__DUPLICATE_METHOD_MATCH = YES;
				COPY_PHASE_STRIP = NO;
				DEBUG_INFORMATION_FORMAT = dwarf;
				ENABLE_STRICT_OBJC_MSGSEND = YES;
				ENABLE_TESTABILITY = YES;
				GCC_C_LANGUAGE_STANDARD = gnu11;
				GCC_DYNAMIC_NO_PIC = NO;
				GCC_NO_COMMON_BLOCKS = YES;
				GCC_OPTIMIZATION_LEVEL = 0;
				GCC_PREPROCESSOR_DEFINITIONS = (
					"DEBUG=1",
					"$(inherited)",
				);
				GCC_WARN_64_TO_32_BIT_CONVERSION = YES;
				GCC_WARN_ABOUT_RETURN_TYPE = YES_ERROR;
				GCC_WARN_UNDECLARED_SELECTOR = YES;
				GCC_WARN_UNINITIALIZED_AUTOS = YES_AGGRESSIVE;
				GCC_WARN_UNUSED_FUNCTION = YES;
				GCC_WARN_UNUSED_VARIABLE = YES;
				IPHONEOS_DEPLOYMENT_TARGET = 13.7;
				MTL_ENABLE_DEBUG_INFO = INCLUDE_SOURCE;
				MTL_FAST_MATH = YES;
				ONLY_ACTIVE_ARCH = YES;
				SDKROOT = iphoneos;
				SWIFT_ACTIVE_COMPILATION_CONDITIONS = DEBUG;
				SWIFT_OPTIMIZATION_LEVEL = "-Onone";
			};
			name = Debug;
		};
		B416D93427A6587F005D2E7C /* Release */ = {
			isa = XCBuildConfiguration;
			buildSettings = {
				ALWAYS_SEARCH_USER_PATHS = NO;
				CLANG_ANALYZER_NONNULL = YES;
				CLANG_ANALYZER_NUMBER_OBJECT_CONVERSION = YES_AGGRESSIVE;
				CLANG_CXX_LANGUAGE_STANDARD = "gnu++14";
				CLANG_CXX_LIBRARY = "libc++";
				CLANG_ENABLE_MODULES = YES;
				CLANG_ENABLE_OBJC_ARC = YES;
				CLANG_ENABLE_OBJC_WEAK = YES;
				CLANG_WARN_BLOCK_CAPTURE_AUTORELEASING = YES;
				CLANG_WARN_BOOL_CONVERSION = YES;
				CLANG_WARN_COMMA = YES;
				CLANG_WARN_CONSTANT_CONVERSION = YES;
				CLANG_WARN_DEPRECATED_OBJC_IMPLEMENTATIONS = YES;
				CLANG_WARN_DIRECT_OBJC_ISA_USAGE = YES_ERROR;
				CLANG_WARN_DOCUMENTATION_COMMENTS = YES;
				CLANG_WARN_EMPTY_BODY = YES;
				CLANG_WARN_ENUM_CONVERSION = YES;
				CLANG_WARN_INFINITE_RECURSION = YES;
				CLANG_WARN_INT_CONVERSION = YES;
				CLANG_WARN_NON_LITERAL_NULL_CONVERSION = YES;
				CLANG_WARN_OBJC_IMPLICIT_RETAIN_SELF = YES;
				CLANG_WARN_OBJC_LITERAL_CONVERSION = YES;
				CLANG_WARN_OBJC_ROOT_CLASS = YES_ERROR;
				CLANG_WARN_RANGE_LOOP_ANALYSIS = YES;
				CLANG_WARN_STRICT_PROTOTYPES = YES;
				CLANG_WARN_SUSPICIOUS_MOVE = YES;
				CLANG_WARN_UNGUARDED_AVAILABILITY = YES_AGGRESSIVE;
				CLANG_WARN_UNREACHABLE_CODE = YES;
				CLANG_WARN__DUPLICATE_METHOD_MATCH = YES;
				COPY_PHASE_STRIP = NO;
				DEBUG_INFORMATION_FORMAT = "dwarf-with-dsym";
				ENABLE_NS_ASSERTIONS = NO;
				ENABLE_STRICT_OBJC_MSGSEND = YES;
				GCC_C_LANGUAGE_STANDARD = gnu11;
				GCC_NO_COMMON_BLOCKS = YES;
				GCC_WARN_64_TO_32_BIT_CONVERSION = YES;
				GCC_WARN_ABOUT_RETURN_TYPE = YES_ERROR;
				GCC_WARN_UNDECLARED_SELECTOR = YES;
				GCC_WARN_UNINITIALIZED_AUTOS = YES_AGGRESSIVE;
				GCC_WARN_UNUSED_FUNCTION = YES;
				GCC_WARN_UNUSED_VARIABLE = YES;
				IPHONEOS_DEPLOYMENT_TARGET = 13.7;
				MTL_ENABLE_DEBUG_INFO = NO;
				MTL_FAST_MATH = YES;
				SDKROOT = iphoneos;
				SWIFT_COMPILATION_MODE = wholemodule;
				SWIFT_OPTIMIZATION_LEVEL = "-O";
				VALIDATE_PRODUCT = YES;
			};
			name = Release;
		};
		B416D93627A6587F005D2E7C /* Debug */ = {
			isa = XCBuildConfiguration;
			buildSettings = {
				ASSETCATALOG_COMPILER_APPICON_NAME = AppIcon;
				CODE_SIGN_STYLE = Automatic;
				INFOPLIST_FILE = Wordle/Info.plist;
				LD_RUNPATH_SEARCH_PATHS = (
					"$(inherited)",
					"@executable_path/Frameworks",
				);
				PRODUCT_BUNDLE_IDENTIFIER = SumitNalavade.Wordle;
				PRODUCT_NAME = "$(TARGET_NAME)";
				SWIFT_VERSION = 5.0;
				TARGETED_DEVICE_FAMILY = "1,2";
			};
			name = Debug;
		};
		B416D93727A6587F005D2E7C /* Release */ = {
			isa = XCBuildConfiguration;
			buildSettings = {
				ASSETCATALOG_COMPILER_APPICON_NAME = AppIcon;
				CODE_SIGN_STYLE = Automatic;
				INFOPLIST_FILE = Wordle/Info.plist;
				LD_RUNPATH_SEARCH_PATHS = (
					"$(inherited)",
					"@executable_path/Frameworks",
				);
				PRODUCT_BUNDLE_IDENTIFIER = SumitNalavade.Wordle;
				PRODUCT_NAME = "$(TARGET_NAME)";
				SWIFT_VERSION = 5.0;
				TARGETED_DEVICE_FAMILY = "1,2";
			};
			name = Release;
		};
		B416D93927A6587F005D2E7C /* Debug */ = {
			isa = XCBuildConfiguration;
			buildSettings = {
				ALWAYS_EMBED_SWIFT_STANDARD_LIBRARIES = YES;
				BUNDLE_LOADER = "$(TEST_HOST)";
				CODE_SIGN_STYLE = Automatic;
				INFOPLIST_FILE = WordleTests/Info.plist;
				IPHONEOS_DEPLOYMENT_TARGET = 13.7;
				LD_RUNPATH_SEARCH_PATHS = (
					"$(inherited)",
					"@executable_path/Frameworks",
					"@loader_path/Frameworks",
				);
				PRODUCT_BUNDLE_IDENTIFIER = SumitNalavade.WordleTests;
				PRODUCT_NAME = "$(TARGET_NAME)";
				SWIFT_VERSION = 5.0;
				TARGETED_DEVICE_FAMILY = "1,2";
				TEST_HOST = "$(BUILT_PRODUCTS_DIR)/Wordle.app/Wordle";
			};
			name = Debug;
		};
		B416D93A27A6587F005D2E7C /* Release */ = {
			isa = XCBuildConfiguration;
			buildSettings = {
				ALWAYS_EMBED_SWIFT_STANDARD_LIBRARIES = YES;
				BUNDLE_LOADER = "$(TEST_HOST)";
				CODE_SIGN_STYLE = Automatic;
				INFOPLIST_FILE = WordleTests/Info.plist;
				IPHONEOS_DEPLOYMENT_TARGET = 13.7;
				LD_RUNPATH_SEARCH_PATHS = (
					"$(inherited)",
					"@executable_path/Frameworks",
					"@loader_path/Frameworks",
				);
				PRODUCT_BUNDLE_IDENTIFIER = SumitNalavade.WordleTests;
				PRODUCT_NAME = "$(TARGET_NAME)";
				SWIFT_VERSION = 5.0;
				TARGETED_DEVICE_FAMILY = "1,2";
				TEST_HOST = "$(BUILT_PRODUCTS_DIR)/Wordle.app/Wordle";
			};
			name = Release;
		};
		B416D93C27A6587F005D2E7C /* Debug */ = {
			isa = XCBuildConfiguration;
			buildSettings = {
				ALWAYS_EMBED_SWIFT_STANDARD_LIBRARIES = YES;
				CODE_SIGN_STYLE = Automatic;
				INFOPLIST_FILE = WordleUITests/Info.plist;
				LD_RUNPATH_SEARCH_PATHS = (
					"$(inherited)",
					"@executable_path/Frameworks",
					"@loader_path/Frameworks",
				);
				PRODUCT_BUNDLE_IDENTIFIER = SumitNalavade.WordleUITests;
				PRODUCT_NAME = "$(TARGET_NAME)";
				SWIFT_VERSION = 5.0;
				TARGETED_DEVICE_FAMILY = "1,2";
				TEST_TARGET_NAME = Wordle;
			};
			name = Debug;
		};
		B416D93D27A6587F005D2E7C /* Release */ = {
			isa = XCBuildConfiguration;
			buildSettings = {
				ALWAYS_EMBED_SWIFT_STANDARD_LIBRARIES = YES;
				CODE_SIGN_STYLE = Automatic;
				INFOPLIST_FILE = WordleUITests/Info.plist;
				LD_RUNPATH_SEARCH_PATHS = (
					"$(inherited)",
					"@executable_path/Frameworks",
					"@loader_path/Frameworks",
				);
				PRODUCT_BUNDLE_IDENTIFIER = SumitNalavade.WordleUITests;
				PRODUCT_NAME = "$(TARGET_NAME)";
				SWIFT_VERSION = 5.0;
				TARGETED_DEVICE_FAMILY = "1,2";
				TEST_TARGET_NAME = Wordle;
			};
			name = Release;
		};
/* End XCBuildConfiguration section */

/* Begin XCConfigurationList section */
		B416D90627A6587D005D2E7C /* Build configuration list for PBXProject "Wordle" */ = {
			isa = XCConfigurationList;
			buildConfigurations = (
				B416D93327A6587F005D2E7C /* Debug */,
				B416D93427A6587F005D2E7C /* Release */,
			);
			defaultConfigurationIsVisible = 0;
			defaultConfigurationName = Release;
		};
		B416D93527A6587F005D2E7C /* Build configuration list for PBXNativeTarget "Wordle" */ = {
			isa = XCConfigurationList;
			buildConfigurations = (
				B416D93627A6587F005D2E7C /* Debug */,
				B416D93727A6587F005D2E7C /* Release */,
			);
			defaultConfigurationIsVisible = 0;
			defaultConfigurationName = Release;
		};
		B416D93827A6587F005D2E7C /* Build configuration list for PBXNativeTarget "WordleTests" */ = {
			isa = XCConfigurationList;
			buildConfigurations = (
				B416D93927A6587F005D2E7C /* Debug */,
				B416D93A27A6587F005D2E7C /* Release */,
			);
			defaultConfigurationIsVisible = 0;
			defaultConfigurationName = Release;
		};
		B416D93B27A6587F005D2E7C /* Build configuration list for PBXNativeTarget "WordleUITests" */ = {
			isa = XCConfigurationList;
			buildConfigurations = (
				B416D93C27A6587F005D2E7C /* Debug */,
				B416D93D27A6587F005D2E7C /* Release */,
			);
			defaultConfigurationIsVisible = 0;
			defaultConfigurationName = Release;
		};
/* End XCConfigurationList section */
	};
	rootObject = B416D90327A6587D005D2E7C /* Project object */;
}
