// !$*UTF8*$!
{
	archiveVersion = 1;
	classes = {
	};
	objectVersion = 50;
	objects = {

/* Begin PBXBuildFile section */
		B41A60D62707F9B700A21E21 /* welcomeViewController.swift in Sources */ = {isa = PBXBuildFile; fileRef = B41A60D52707F9B700A21E21 /* welcomeViewController.swift */; };
		B4B95A5E27030B31006C95F4 /* AppDelegate.swift in Sources */ = {isa = PBXBuildFile; fileRef = B4B95A5D27030B31006C95F4 /* AppDelegate.swift */; };
		B4B95A6027030B31006C95F4 /* SceneDelegate.swift in Sources */ = {isa = PBXBuildFile; fileRef = B4B95A5F27030B31006C95F4 /* SceneDelegate.swift */; };
		B4B95A6227030B31006C95F4 /* ViewController.swift in Sources */ = {isa = PBXBuildFile; fileRef = B4B95A6127030B31006C95F4 /* ViewController.swift */; };
		B4B95A6527030B31006C95F4 /* Main.storyboard in Resources */ = {isa = PBXBuildFile; fileRef = B4B95A6327030B31006C95F4 /* Main.storyboard */; };
		B4B95A6727030B33006C95F4 /* Assets.xcassets in Resources */ = {isa = PBXBuildFile; fileRef = B4B95A6627030B33006C95F4 /* Assets.xcassets */; };
		B4B95A6A27030B33006C95F4 /* LaunchScreen.storyboard in Resources */ = {isa = PBXBuildFile; fileRef = B4B95A6827030B33006C95F4 /* LaunchScreen.storyboard */; };
		B4B95A7527030B33006C95F4 /* TicTacToeTests.swift in Sources */ = {isa = PBXBuildFile; fileRef = B4B95A7427030B33006C95F4 /* TicTacToeTests.swift */; };
		B4B95A8027030B33006C95F4 /* TicTacToeUITests.swift in Sources */ = {isa = PBXBuildFile; fileRef = B4B95A7F27030B33006C95F4 /* TicTacToeUITests.swift */; };
		B4F9CCA22706CB5000B3AF2C /* TicTacToeModel.swift in Sources */ = {isa = PBXBuildFile; fileRef = B4F9CCA12706CB5000B3AF2C /* TicTacToeModel.swift */; };
/* End PBXBuildFile section */

/* Begin PBXContainerItemProxy section */
		B4B95A7127030B33006C95F4 /* PBXContainerItemProxy */ = {
			isa = PBXContainerItemProxy;
			containerPortal = B4B95A5227030B31006C95F4 /* Project object */;
			proxyType = 1;
			remoteGlobalIDString = B4B95A5927030B31006C95F4;
			remoteInfo = TicTacToe;
		};
		B4B95A7C27030B33006C95F4 /* PBXContainerItemProxy */ = {
			isa = PBXContainerItemProxy;
			containerPortal = B4B95A5227030B31006C95F4 /* Project object */;
			proxyType = 1;
			remoteGlobalIDString = B4B95A5927030B31006C95F4;
			remoteInfo = TicTacToe;
		};
/* End PBXContainerItemProxy section */

/* Begin PBXFileReference section */
		B41A60D52707F9B700A21E21 /* welcomeViewController.swift */ = {isa = PBXFileReference; lastKnownFileType = sourcecode.swift; path = welcomeViewController.swift; sourceTree = "<group>"; };
		B4B95A5A27030B31006C95F4 /* TicTacToe.app */ = {isa = PBXFileReference; explicitFileType = wrapper.application; includeInIndex = 0; path = TicTacToe.app; sourceTree = BUILT_PRODUCTS_DIR; };
		B4B95A5D27030B31006C95F4 /* AppDelegate.swift */ = {isa = PBXFileReference; lastKnownFileType = sourcecode.swift; path = AppDelegate.swift; sourceTree = "<group>"; };
		B4B95A5F27030B31006C95F4 /* SceneDelegate.swift */ = {isa = PBXFileReference; lastKnownFileType = sourcecode.swift; path = SceneDelegate.swift; sourceTree = "<group>"; };
		B4B95A6127030B31006C95F4 /* ViewController.swift */ = {isa = PBXFileReference; lastKnownFileType = sourcecode.swift; path = ViewController.swift; sourceTree = "<group>"; };
		B4B95A6427030B31006C95F4 /* Base */ = {isa = PBXFileReference; lastKnownFileType = file.storyboard; name = Base; path = Base.lproj/Main.storyboard; sourceTree = "<group>"; };
		B4B95A6627030B33006C95F4 /* Assets.xcassets */ = {isa = PBXFileReference; lastKnownFileType = folder.assetcatalog; path = Assets.xcassets; sourceTree = "<group>"; };
		B4B95A6927030B33006C95F4 /* Base */ = {isa = PBXFileReference; lastKnownFileType = file.storyboard; name = Base; path = Base.lproj/LaunchScreen.storyboard; sourceTree = "<group>"; };
		B4B95A6B27030B33006C95F4 /* Info.plist */ = {isa = PBXFileReference; lastKnownFileType = text.plist.xml; path = Info.plist; sourceTree = "<group>"; };
		B4B95A7027030B33006C95F4 /* TicTacToeTests.xctest */ = {isa = PBXFileReference; explicitFileType = wrapper.cfbundle; includeInIndex = 0; path = TicTacToeTests.xctest; sourceTree = BUILT_PRODUCTS_DIR; };
		B4B95A7427030B33006C95F4 /* TicTacToeTests.swift */ = {isa = PBXFileReference; lastKnownFileType = sourcecode.swift; path = TicTacToeTests.swift; sourceTree = "<group>"; };
		B4B95A7627030B33006C95F4 /* Info.plist */ = {isa = PBXFileReference; lastKnownFileType = text.plist.xml; path = Info.plist; sourceTree = "<group>"; };
		B4B95A7B27030B33006C95F4 /* TicTacToeUITests.xctest */ = {isa = PBXFileReference; explicitFileType = wrapper.cfbundle; includeInIndex = 0; path = TicTacToeUITests.xctest; sourceTree = BUILT_PRODUCTS_DIR; };
		B4B95A7F27030B33006C95F4 /* TicTacToeUITests.swift */ = {isa = PBXFileReference; lastKnownFileType = sourcecode.swift; path = TicTacToeUITests.swift; sourceTree = "<group>"; };
		B4B95A8127030B33006C95F4 /* Info.plist */ = {isa = PBXFileReference; lastKnownFileType = text.plist.xml; path = Info.plist; sourceTree = "<group>"; };
		B4F9CCA12706CB5000B3AF2C /* TicTacToeModel.swift */ = {isa = PBXFileReference; lastKnownFileType = sourcecode.swift; path = TicTacToeModel.swift; sourceTree = "<group>"; };
/* End PBXFileReference section */

/* Begin PBXFrameworksBuildPhase section */
		B4B95A5727030B31006C95F4 /* Frameworks */ = {
			isa = PBXFrameworksBuildPhase;
			buildActionMask = 2147483647;
			files = (
			);
			runOnlyForDeploymentPostprocessing = 0;
		};
		B4B95A6D27030B33006C95F4 /* Frameworks */ = {
			isa = PBXFrameworksBuildPhase;
			buildActionMask = 2147483647;
			files = (
			);
			runOnlyForDeploymentPostprocessing = 0;
		};
		B4B95A7827030B33006C95F4 /* Frameworks */ = {
			isa = PBXFrameworksBuildPhase;
			buildActionMask = 2147483647;
			files = (
			);
			runOnlyForDeploymentPostprocessing = 0;
		};
/* End PBXFrameworksBuildPhase section */

/* Begin PBXGroup section */
		B4B95A5127030B31006C95F4 = {
			isa = PBXGroup;
			children = (
				B4B95A5C27030B31006C95F4 /* TicTacToe */,
				B4B95A7327030B33006C95F4 /* TicTacToeTests */,
				B4B95A7E27030B33006C95F4 /* TicTacToeUITests */,
				B4B95A5B27030B31006C95F4 /* Products */,
			);
			sourceTree = "<group>";
		};
		B4B95A5B27030B31006C95F4 /* Products */ = {
			isa = PBXGroup;
			children = (
				B4B95A5A27030B31006C95F4 /* TicTacToe.app */,
				B4B95A7027030B33006C95F4 /* TicTacToeTests.xctest */,
				B4B95A7B27030B33006C95F4 /* TicTacToeUITests.xctest */,
			);
			name = Products;
			sourceTree = "<group>";
		};
		B4B95A5C27030B31006C95F4 /* TicTacToe */ = {
			isa = PBXGroup;
			children = (
				B4B95A5D27030B31006C95F4 /* AppDelegate.swift */,
				B4B95A5F27030B31006C95F4 /* SceneDelegate.swift */,
				B4B95A6127030B31006C95F4 /* ViewController.swift */,
				B41A60D52707F9B700A21E21 /* welcomeViewController.swift */,
				B4B95A6327030B31006C95F4 /* Main.storyboard */,
				B4B95A6627030B33006C95F4 /* Assets.xcassets */,
				B4B95A6827030B33006C95F4 /* LaunchScreen.storyboard */,
				B4B95A6B27030B33006C95F4 /* Info.plist */,
				B4F9CCA12706CB5000B3AF2C /* TicTacToeModel.swift */,
			);
			path = TicTacToe;
			sourceTree = "<group>";
		};
		B4B95A7327030B33006C95F4 /* TicTacToeTests */ = {
			isa = PBXGroup;
			children = (
				B4B95A7427030B33006C95F4 /* TicTacToeTests.swift */,
				B4B95A7627030B33006C95F4 /* Info.plist */,
			);
			path = TicTacToeTests;
			sourceTree = "<group>";
		};
		B4B95A7E27030B33006C95F4 /* TicTacToeUITests */ = {
			isa = PBXGroup;
			children = (
				B4B95A7F27030B33006C95F4 /* TicTacToeUITests.swift */,
				B4B95A8127030B33006C95F4 /* Info.plist */,
			);
			path = TicTacToeUITests;
			sourceTree = "<group>";
		};
/* End PBXGroup section */

/* Begin PBXNativeTarget section */
		B4B95A5927030B31006C95F4 /* TicTacToe */ = {
			isa = PBXNativeTarget;
			buildConfigurationList = B4B95A8427030B33006C95F4 /* Build configuration list for PBXNativeTarget "TicTacToe" */;
			buildPhases = (
				B4B95A5627030B31006C95F4 /* Sources */,
				B4B95A5727030B31006C95F4 /* Frameworks */,
				B4B95A5827030B31006C95F4 /* Resources */,
			);
			buildRules = (
			);
			dependencies = (
			);
			name = TicTacToe;
			productName = TicTacToe;
			productReference = B4B95A5A27030B31006C95F4 /* TicTacToe.app */;
			productType = "com.apple.product-type.application";
		};
		B4B95A6F27030B33006C95F4 /* TicTacToeTests */ = {
			isa = PBXNativeTarget;
			buildConfigurationList = B4B95A8727030B33006C95F4 /* Build configuration list for PBXNativeTarget "TicTacToeTests" */;
			buildPhases = (
				B4B95A6C27030B33006C95F4 /* Sources */,
				B4B95A6D27030B33006C95F4 /* Frameworks */,
				B4B95A6E27030B33006C95F4 /* Resources */,
			);
			buildRules = (
			);
			dependencies = (
				B4B95A7227030B33006C95F4 /* PBXTargetDependency */,
			);
			name = TicTacToeTests;
			productName = TicTacToeTests;
			productReference = B4B95A7027030B33006C95F4 /* TicTacToeTests.xctest */;
			productType = "com.apple.product-type.bundle.unit-test";
		};
		B4B95A7A27030B33006C95F4 /* TicTacToeUITests */ = {
			isa = PBXNativeTarget;
			buildConfigurationList = B4B95A8A27030B33006C95F4 /* Build configuration list for PBXNativeTarget "TicTacToeUITests" */;
			buildPhases = (
				B4B95A7727030B33006C95F4 /* Sources */,
				B4B95A7827030B33006C95F4 /* Frameworks */,
				B4B95A7927030B33006C95F4 /* Resources */,
			);
			buildRules = (
			);
			dependencies = (
				B4B95A7D27030B33006C95F4 /* PBXTargetDependency */,
			);
			name = TicTacToeUITests;
			productName = TicTacToeUITests;
			productReference = B4B95A7B27030B33006C95F4 /* TicTacToeUITests.xctest */;
			productType = "com.apple.product-type.bundle.ui-testing";
		};
/* End PBXNativeTarget section */

/* Begin PBXProject section */
		B4B95A5227030B31006C95F4 /* Project object */ = {
			isa = PBXProject;
			attributes = {
				LastSwiftUpdateCheck = 1170;
				LastUpgradeCheck = 1170;
				ORGANIZATIONNAME = "Sumit Nalavade";
				TargetAttributes = {
					B4B95A5927030B31006C95F4 = {
						CreatedOnToolsVersion = 11.7;
					};
					B4B95A6F27030B33006C95F4 = {
						CreatedOnToolsVersion = 11.7;
						TestTargetID = B4B95A5927030B31006C95F4;
					};
					B4B95A7A27030B33006C95F4 = {
						CreatedOnToolsVersion = 11.7;
						TestTargetID = B4B95A5927030B31006C95F4;
					};
				};
			};
			buildConfigurationList = B4B95A5527030B31006C95F4 /* Build configuration list for PBXProject "TicTacToe" */;
			compatibilityVersion = "Xcode 9.3";
			developmentRegion = en;
			hasScannedForEncodings = 0;
			knownRegions = (
				en,
				Base,
			);
			mainGroup = B4B95A5127030B31006C95F4;
			productRefGroup = B4B95A5B27030B31006C95F4 /* Products */;
			projectDirPath = "";
			projectRoot = "";
			targets = (
				B4B95A5927030B31006C95F4 /* TicTacToe */,
				B4B95A6F27030B33006C95F4 /* TicTacToeTests */,
				B4B95A7A27030B33006C95F4 /* TicTacToeUITests */,
			);
		};
/* End PBXProject section */

/* Begin PBXResourcesBuildPhase section */
		B4B95A5827030B31006C95F4 /* Resources */ = {
			isa = PBXResourcesBuildPhase;
			buildActionMask = 2147483647;
			files = (
				B4B95A6A27030B33006C95F4 /* LaunchScreen.storyboard in Resources */,
				B4B95A6727030B33006C95F4 /* Assets.xcassets in Resources */,
				B4B95A6527030B31006C95F4 /* Main.storyboard in Resources */,
			);
			runOnlyForDeploymentPostprocessing = 0;
		};
		B4B95A6E27030B33006C95F4 /* Resources */ = {
			isa = PBXResourcesBuildPhase;
			buildActionMask = 2147483647;
			files = (
			);
			runOnlyForDeploymentPostprocessing = 0;
		};
		B4B95A7927030B33006C95F4 /* Resources */ = {
			isa = PBXResourcesBuildPhase;
			buildActionMask = 2147483647;
			files = (
			);
			runOnlyForDeploymentPostprocessing = 0;
		};
/* End PBXResourcesBuildPhase section */

/* Begin PBXSourcesBuildPhase section */
		B4B95A5627030B31006C95F4 /* Sources */ = {
			isa = PBXSourcesBuildPhase;
			buildActionMask = 2147483647;
			files = (
				B4F9CCA22706CB5000B3AF2C /* TicTacToeModel.swift in Sources */,
				B4B95A6227030B31006C95F4 /* ViewController.swift in Sources */,
				B4B95A5E27030B31006C95F4 /* AppDelegate.swift in Sources */,
				B41A60D62707F9B700A21E21 /* welcomeViewController.swift in Sources */,
				B4B95A6027030B31006C95F4 /* SceneDelegate.swift in Sources */,
			);
			runOnlyForDeploymentPostprocessing = 0;
		};
		B4B95A6C27030B33006C95F4 /* Sources */ = {
			isa = PBXSourcesBuildPhase;
			buildActionMask = 2147483647;
			files = (
				B4B95A7527030B33006C95F4 /* TicTacToeTests.swift in Sources */,
			);
			runOnlyForDeploymentPostprocessing = 0;
		};
		B4B95A7727030B33006C95F4 /* Sources */ = {
			isa = PBXSourcesBuildPhase;
			buildActionMask = 2147483647;
			files = (
				B4B95A8027030B33006C95F4 /* TicTacToeUITests.swift in Sources */,
			);
			runOnlyForDeploymentPostprocessing = 0;
		};
/* End PBXSourcesBuildPhase section */

/* Begin PBXTargetDependency section */
		B4B95A7227030B33006C95F4 /* PBXTargetDependency */ = {
			isa = PBXTargetDependency;
			target = B4B95A5927030B31006C95F4 /* TicTacToe */;
			targetProxy = B4B95A7127030B33006C95F4 /* PBXContainerItemProxy */;
		};
		B4B95A7D27030B33006C95F4 /* PBXTargetDependency */ = {
			isa = PBXTargetDependency;
			target = B4B95A5927030B31006C95F4 /* TicTacToe */;
			targetProxy = B4B95A7C27030B33006C95F4 /* PBXContainerItemProxy */;
		};
/* End PBXTargetDependency section */

/* Begin PBXVariantGroup section */
		B4B95A6327030B31006C95F4 /* Main.storyboard */ = {
			isa = PBXVariantGroup;
			children = (
				B4B95A6427030B31006C95F4 /* Base */,
			);
			name = Main.storyboard;
			sourceTree = "<group>";
		};
		B4B95A6827030B33006C95F4 /* LaunchScreen.storyboard */ = {
			isa = PBXVariantGroup;
			children = (
				B4B95A6927030B33006C95F4 /* Base */,
			);
			name = LaunchScreen.storyboard;
			sourceTree = "<group>";
		};
/* End PBXVariantGroup section */

/* Begin XCBuildConfiguration section */
		B4B95A8227030B33006C95F4 /* Debug */ = {
			isa = XCBuildConfiguration;
			buildSettings = {
				ALWAYS_SEARCH_USER_PATHS = NO;
				CLANG_ANALYZER_NONNULL = YES;
				CLANG_ANALYZER_NUMBER_OBJECT_CONVERSION = YES_AGGRESSIVE;
				CLANG_CXX_LANGUAGE_STANDARD = "gnu++14";
				CLANG_CXX_LIBRARY = "libc++";
				CLANG_ENABLE_MODULES = YES;
				CLANG_ENABLE_OBJC_ARC = YES;
				CLANG_ENABLE_OBJC_WEAK = YES;
				CLANG_WARN_BLOCK_CAPTURE_AUTORELEASING = YES;
				CLANG_WARN_BOOL_CONVERSION = YES;
				CLANG_WARN_COMMA = YES;
				CLANG_WARN_CONSTANT_CONVERSION = YES;
				CLANG_WARN_DEPRECATED_OBJC_IMPLEMENTATIONS = YES;
				CLANG_WARN_DIRECT_OBJC_ISA_USAGE = YES_ERROR;
				CLANG_WARN_DOCUMENTATION_COMMENTS = YES;
				CLANG_WARN_EMPTY_BODY = YES;
				CLANG_WARN_ENUM_CONVERSION = YES;
				CLANG_WARN_INFINITE_RECURSION = YES;
				CLANG_WARN_INT_CONVERSION = YES;
				CLANG_WARN_NON_LITERAL_NULL_CONVERSION = YES;
				CLANG_WARN_OBJC_IMPLICIT_RETAIN_SELF = YES;
				CLANG_WARN_OBJC_LITERAL_CONVERSION = YES;
				CLANG_WARN_OBJC_ROOT_CLASS = YES_ERROR;
				CLANG_WARN_RANGE_LOOP_ANALYSIS = YES;
				CLANG_WARN_STRICT_PROTOTYPES = YES;
				CLANG_WARN_SUSPICIOUS_MOVE = YES;
				CLANG_WARN_UNGUARDED_AVAILABILITY = YES_AGGRESSIVE;
				CLANG_WARN_UNREACHABLE_CODE = YES;
				CLANG_WARN__DUPLICATE_METHOD_MATCH = YES;
				COPY_PHASE_STRIP = NO;
				DEBUG_INFORMATION_FORMAT = dwarf;
				ENABLE_STRICT_OBJC_MSGSEND = YES;
				ENABLE_TESTABILITY = YES;
				GCC_C_LANGUAGE_STANDARD = gnu11;
				GCC_DYNAMIC_NO_PIC = NO;
				GCC_NO_COMMON_BLOCKS = YES;
				GCC_OPTIMIZATION_LEVEL = 0;
				GCC_PREPROCESSOR_DEFINITIONS = (
					"DEBUG=1",
					"$(inherited)",
				);
				GCC_WARN_64_TO_32_BIT_CONVERSION = YES;
				GCC_WARN_ABOUT_RETURN_TYPE = YES_ERROR;
				GCC_WARN_UNDECLARED_SELECTOR = YES;
				GCC_WARN_UNINITIALIZED_AUTOS = YES_AGGRESSIVE;
				GCC_WARN_UNUSED_FUNCTION = YES;
				GCC_WARN_UNUSED_VARIABLE = YES;
				IPHONEOS_DEPLOYMENT_TARGET = 13.7;
				MTL_ENABLE_DEBUG_INFO = INCLUDE_SOURCE;
				MTL_FAST_MATH = YES;
				ONLY_ACTIVE_ARCH = YES;
				SDKROOT = iphoneos;
				SWIFT_ACTIVE_COMPILATION_CONDITIONS = DEBUG;
				SWIFT_OPTIMIZATION_LEVEL = "-Onone";
			};
			name = Debug;
		};
		B4B95A8327030B33006C95F4 /* Release */ = {
			isa = XCBuildConfiguration;
			buildSettings = {
				ALWAYS_SEARCH_USER_PATHS = NO;
				CLANG_ANALYZER_NONNULL = YES;
				CLANG_ANALYZER_NUMBER_OBJECT_CONVERSION = YES_AGGRESSIVE;
				CLANG_CXX_LANGUAGE_STANDARD = "gnu++14";
				CLANG_CXX_LIBRARY = "libc++";
				CLANG_ENABLE_MODULES = YES;
				CLANG_ENABLE_OBJC_ARC = YES;
				CLANG_ENABLE_OBJC_WEAK = YES;
				CLANG_WARN_BLOCK_CAPTURE_AUTORELEASING = YES;
				CLANG_WARN_BOOL_CONVERSION = YES;
				CLANG_WARN_COMMA = YES;
				CLANG_WARN_CONSTANT_CONVERSION = YES;
				CLANG_WARN_DEPRECATED_OBJC_IMPLEMENTATIONS = YES;
				CLANG_WARN_DIRECT_OBJC_ISA_USAGE = YES_ERROR;
				CLANG_WARN_DOCUMENTATION_COMMENTS = YES;
				CLANG_WARN_EMPTY_BODY = YES;
				CLANG_WARN_ENUM_CONVERSION = YES;
				CLANG_WARN_INFINITE_RECURSION = YES;
				CLANG_WARN_INT_CONVERSION = YES;
				CLANG_WARN_NON_LITERAL_NULL_CONVERSION = YES;
				CLANG_WARN_OBJC_IMPLICIT_RETAIN_SELF = YES;
				CLANG_WARN_OBJC_LITERAL_CONVERSION = YES;
				CLANG_WARN_OBJC_ROOT_CLASS = YES_ERROR;
				CLANG_WARN_RANGE_LOOP_ANALYSIS = YES;
				CLANG_WARN_STRICT_PROTOTYPES = YES;
				CLANG_WARN_SUSPICIOUS_MOVE = YES;
				CLANG_WARN_UNGUARDED_AVAILABILITY = YES_AGGRESSIVE;
				CLANG_WARN_UNREACHABLE_CODE = YES;
				CLANG_WARN__DUPLICATE_METHOD_MATCH = YES;
				COPY_PHASE_STRIP = NO;
				DEBUG_INFORMATION_FORMAT = "dwarf-with-dsym";
				ENABLE_NS_ASSERTIONS = NO;
				ENABLE_STRICT_OBJC_MSGSEND = YES;
				GCC_C_LANGUAGE_STANDARD = gnu11;
				GCC_NO_COMMON_BLOCKS = YES;
				GCC_WARN_64_TO_32_BIT_CONVERSION = YES;
				GCC_WARN_ABOUT_RETURN_TYPE = YES_ERROR;
				GCC_WARN_UNDECLARED_SELECTOR = YES;
				GCC_WARN_UNINITIALIZED_AUTOS = YES_AGGRESSIVE;
				GCC_WARN_UNUSED_FUNCTION = YES;
				GCC_WARN_UNUSED_VARIABLE = YES;
				IPHONEOS_DEPLOYMENT_TARGET = 13.7;
				MTL_ENABLE_DEBUG_INFO = NO;
				MTL_FAST_MATH = YES;
				SDKROOT = iphoneos;
				SWIFT_COMPILATION_MODE = wholemodule;
				SWIFT_OPTIMIZATION_LEVEL = "-O";
				VALIDATE_PRODUCT = YES;
			};
			name = Release;
		};
		B4B95A8527030B33006C95F4 /* Debug */ = {
			isa = XCBuildConfiguration;
			buildSettings = {
				ASSETCATALOG_COMPILER_APPICON_NAME = AppIcon;
				CODE_SIGN_STYLE = Automatic;
				INFOPLIST_FILE = TicTacToe/Info.plist;
				IPHONEOS_DEPLOYMENT_TARGET = 13.0;
				LD_RUNPATH_SEARCH_PATHS = (
					"$(inherited)",
					"@executable_path/Frameworks",
				);
				PRODUCT_BUNDLE_IDENTIFIER = com.sumit.TicTacToe;
				PRODUCT_NAME = "$(TARGET_NAME)";
				SWIFT_VERSION = 5.0;
				TARGETED_DEVICE_FAMILY = "1,2";
			};
			name = Debug;
		};
		B4B95A8627030B33006C95F4 /* Release */ = {
			isa = XCBuildConfiguration;
			buildSettings = {
				ASSETCATALOG_COMPILER_APPICON_NAME = AppIcon;
				CODE_SIGN_STYLE = Automatic;
				INFOPLIST_FILE = TicTacToe/Info.plist;
				IPHONEOS_DEPLOYMENT_TARGET = 13.0;
				LD_RUNPATH_SEARCH_PATHS = (
					"$(inherited)",
					"@executable_path/Frameworks",
				);
				PRODUCT_BUNDLE_IDENTIFIER = com.sumit.TicTacToe;
				PRODUCT_NAME = "$(TARGET_NAME)";
				SWIFT_VERSION = 5.0;
				TARGETED_DEVICE_FAMILY = "1,2";
			};
			name = Release;
		};
		B4B95A8827030B33006C95F4 /* Debug */ = {
			isa = XCBuildConfiguration;
			buildSettings = {
				ALWAYS_EMBED_SWIFT_STANDARD_LIBRARIES = YES;
				BUNDLE_LOADER = "$(TEST_HOST)";
				CODE_SIGN_STYLE = Automatic;
				INFOPLIST_FILE = TicTacToeTests/Info.plist;
				IPHONEOS_DEPLOYMENT_TARGET = 13.7;
				LD_RUNPATH_SEARCH_PATHS = (
					"$(inherited)",
					"@executable_path/Frameworks",
					"@loader_path/Frameworks",
				);
				PRODUCT_BUNDLE_IDENTIFIER = com.sumit.TicTacToeTests;
				PRODUCT_NAME = "$(TARGET_NAME)";
				SWIFT_VERSION = 5.0;
				TARGETED_DEVICE_FAMILY = "1,2";
				TEST_HOST = "$(BUILT_PRODUCTS_DIR)/TicTacToe.app/TicTacToe";
			};
			name = Debug;
		};
		B4B95A8927030B33006C95F4 /* Release */ = {
			isa = XCBuildConfiguration;
			buildSettings = {
				ALWAYS_EMBED_SWIFT_STANDARD_LIBRARIES = YES;
				BUNDLE_LOADER = "$(TEST_HOST)";
				CODE_SIGN_STYLE = Automatic;
				INFOPLIST_FILE = TicTacToeTests/Info.plist;
				IPHONEOS_DEPLOYMENT_TARGET = 13.7;
				LD_RUNPATH_SEARCH_PATHS = (
					"$(inherited)",
					"@executable_path/Frameworks",
					"@loader_path/Frameworks",
				);
				PRODUCT_BUNDLE_IDENTIFIER = com.sumit.TicTacToeTests;
				PRODUCT_NAME = "$(TARGET_NAME)";
				SWIFT_VERSION = 5.0;
				TARGETED_DEVICE_FAMILY = "1,2";
				TEST_HOST = "$(BUILT_PRODUCTS_DIR)/TicTacToe.app/TicTacToe";
			};
			name = Release;
		};
		B4B95A8B27030B33006C95F4 /* Debug */ = {
			isa = XCBuildConfiguration;
			buildSettings = {
				ALWAYS_EMBED_SWIFT_STANDARD_LIBRARIES = YES;
				CODE_SIGN_STYLE = Automatic;
				INFOPLIST_FILE = TicTacToeUITests/Info.plist;
				LD_RUNPATH_SEARCH_PATHS = (
					"$(inherited)",
					"@executable_path/Frameworks",
					"@loader_path/Frameworks",
				);
				PRODUCT_BUNDLE_IDENTIFIER = com.sumit.TicTacToeUITests;
				PRODUCT_NAME = "$(TARGET_NAME)";
				SWIFT_VERSION = 5.0;
				TARGETED_DEVICE_FAMILY = "1,2";
				TEST_TARGET_NAME = TicTacToe;
			};
			name = Debug;
		};
		B4B95A8C27030B33006C95F4 /* Release */ = {
			isa = XCBuildConfiguration;
			buildSettings = {
				ALWAYS_EMBED_SWIFT_STANDARD_LIBRARIES = YES;
				CODE_SIGN_STYLE = Automatic;
				INFOPLIST_FILE = TicTacToeUITests/Info.plist;
				LD_RUNPATH_SEARCH_PATHS = (
					"$(inherited)",
					"@executable_path/Frameworks",
					"@loader_path/Frameworks",
				);
				PRODUCT_BUNDLE_IDENTIFIER = com.sumit.TicTacToeUITests;
				PRODUCT_NAME = "$(TARGET_NAME)";
				SWIFT_VERSION = 5.0;
				TARGETED_DEVICE_FAMILY = "1,2";
				TEST_TARGET_NAME = TicTacToe;
			};
			name = Release;
		};
/* End XCBuildConfiguration section */

/* Begin XCConfigurationList section */
		B4B95A5527030B31006C95F4 /* Build configuration list for PBXProject "TicTacToe" */ = {
			isa = XCConfigurationList;
			buildConfigurations = (
				B4B95A8227030B33006C95F4 /* Debug */,
				B4B95A8327030B33006C95F4 /* Release */,
			);
			defaultConfigurationIsVisible = 0;
			defaultConfigurationName = Release;
		};
		B4B95A8427030B33006C95F4 /* Build configuration list for PBXNativeTarget "TicTacToe" */ = {
			isa = XCConfigurationList;
			buildConfigurations = (
				B4B95A8527030B33006C95F4 /* Debug */,
				B4B95A8627030B33006C95F4 /* Release */,
			);
			defaultConfigurationIsVisible = 0;
			defaultConfigurationName = Release;
		};
		B4B95A8727030B33006C95F4 /* Build configuration list for PBXNativeTarget "TicTacToeTests" */ = {
			isa = XCConfigurationList;
			buildConfigurations = (
				B4B95A8827030B33006C95F4 /* Debug */,
				B4B95A8927030B33006C95F4 /* Release */,
			);
			defaultConfigurationIsVisible = 0;
			defaultConfigurationName = Release;
		};
		B4B95A8A27030B33006C95F4 /* Build configuration list for PBXNativeTarget "TicTacToeUITests" */ = {
			isa = XCConfigurationList;
			buildConfigurations = (
				B4B95A8B27030B33006C95F4 /* Debug */,
				B4B95A8C27030B33006C95F4 /* Release */,
			);
			defaultConfigurationIsVisible = 0;
			defaultConfigurationName = Release;
		};
/* End XCConfigurationList section */
	};
	rootObject = B4B95A5227030B31006C95F4 /* Project object */;
}
